// !$*UTF8*$!
{
	archiveVersion = 1;
	classes = {
	};
	objectVersion = 50;
	objects = {

/* Begin PBXBuildFile section */
		FA9E593425DE7A43000A1CBE /* AppDelegate.swift in Sources */ = {isa = PBXBuildFile; fileRef = FA9E593325DE7A43000A1CBE /* AppDelegate.swift */; };
		FA9E593625DE7A43000A1CBE /* SceneDelegate.swift in Sources */ = {isa = PBXBuildFile; fileRef = FA9E593525DE7A43000A1CBE /* SceneDelegate.swift */; };
		FA9E593825DE7A43000A1CBE /* ContentView.swift in Sources */ = {isa = PBXBuildFile; fileRef = FA9E593725DE7A43000A1CBE /* ContentView.swift */; };
		FA9E593A25DE7A48000A1CBE /* Assets.xcassets in Resources */ = {isa = PBXBuildFile; fileRef = FA9E593925DE7A48000A1CBE /* Assets.xcassets */; };
		FA9E593D25DE7A48000A1CBE /* Preview Assets.xcassets in Resources */ = {isa = PBXBuildFile; fileRef = FA9E593C25DE7A48000A1CBE /* Preview Assets.xcassets */; };
		FA9E594025DE7A48000A1CBE /* LaunchScreen.storyboard in Resources */ = {isa = PBXBuildFile; fileRef = FA9E593E25DE7A48000A1CBE /* LaunchScreen.storyboard */; };
/* End PBXBuildFile section */

/* Begin PBXFileReference section */
		FA9E593025DE7A43000A1CBE /* SwiftUIHelloSwiftUI.app */ = {isa = PBXFileReference; explicitFileType = wrapper.application; includeInIndex = 0; path = SwiftUIHelloSwiftUI.app; sourceTree = BUILT_PRODUCTS_DIR; };
		FA9E593325DE7A43000A1CBE /* AppDelegate.swift */ = {isa = PBXFileReference; lastKnownFileType = sourcecode.swift; path = AppDelegate.swift; sourceTree = "<group>"; };
		FA9E593525DE7A43000A1CBE /* SceneDelegate.swift */ = {isa = PBXFileReference; lastKnownFileType = sourcecode.swift; path = SceneDelegate.swift; sourceTree = "<group>"; };
		FA9E593725DE7A43000A1CBE /* ContentView.swift */ = {isa = PBXFileReference; lastKnownFileType = sourcecode.swift; path = ContentView.swift; sourceTree = "<group>"; };
		FA9E593925DE7A48000A1CBE /* Assets.xcassets */ = {isa = PBXFileReference; lastKnownFileType = folder.assetcatalog; path = Assets.xcassets; sourceTree = "<group>"; };
		FA9E593C25DE7A48000A1CBE /* Preview Assets.xcassets */ = {isa = PBXFileReference; lastKnownFileType = folder.assetcatalog; path = "Preview Assets.xcassets"; sourceTree = "<group>"; };
		FA9E593F25DE7A48000A1CBE /* Base */ = {isa = PBXFileReference; lastKnownFileType = file.storyboard; name = Base; path = Base.lproj/LaunchScreen.storyboard; sourceTree = "<group>"; };
		FA9E594125DE7A48000A1CBE /* Info.plist */ = {isa = PBXFileReference; lastKnownFileType = text.plist.xml; path = Info.plist; sourceTree = "<group>"; };
/* End PBXFileReference section */

/* Begin PBXFrameworksBuildPhase section */
		FA9E592D25DE7A43000A1CBE /* Frameworks */ = {
			isa = PBXFrameworksBuildPhase;
			buildActionMask = 2147483647;
			files = (
			);
			runOnlyForDeploymentPostprocessing = 0;
		};
/* End PBXFrameworksBuildPhase section */

/* Begin PBXGroup section */
		FA9E592725DE7A43000A1CBE = {
			isa = PBXGroup;
			children = (
				FA9E593225DE7A43000A1CBE /* SwiftUIHelloSwiftUI */,
				FA9E593125DE7A43000A1CBE /* Products */,
			);
			sourceTree = "<group>";
		};
		FA9E593125DE7A43000A1CBE /* Products */ = {
			isa = PBXGroup;
			children = (
				FA9E593025DE7A43000A1CBE /* SwiftUIHelloSwiftUI.app */,
			);
			name = Products;
			sourceTree = "<group>";
		};
		FA9E593225DE7A43000A1CBE /* SwiftUIHelloSwiftUI */ = {
			isa = PBXGroup;
			children = (
				FA9E593325DE7A43000A1CBE /* AppDelegate.swift */,
				FA9E593525DE7A43000A1CBE /* SceneDelegate.swift */,
				FA9E593725DE7A43000A1CBE /* ContentView.swift */,
				FA9E593925DE7A48000A1CBE /* Assets.xcassets */,
				FA9E593E25DE7A48000A1CBE /* LaunchScreen.storyboard */,
				FA9E594125DE7A48000A1CBE /* Info.plist */,
				FA9E593B25DE7A48000A1CBE /* Preview Content */,
			);
			path = SwiftUIHelloSwiftUI;
			sourceTree = "<group>";
		};
		FA9E593B25DE7A48000A1CBE /* Preview Content */ = {
			isa = PBXGroup;
			children = (
				FA9E593C25DE7A48000A1CBE /* Preview Assets.xcassets */,
			);
			path = "Preview Content";
			sourceTree = "<group>";
		};
/* End PBXGroup section */

/* Begin PBXNativeTarget section */
		FA9E592F25DE7A43000A1CBE /* SwiftUIHelloSwiftUI */ = {
			isa = PBXNativeTarget;
			buildConfigurationList = FA9E594425DE7A48000A1CBE /* Build configuration list for PBXNativeTarget "SwiftUIHelloSwiftUI" */;
			buildPhases = (
				FA9E592C25DE7A43000A1CBE /* Sources */,
				FA9E592D25DE7A43000A1CBE /* Frameworks */,
				FA9E592E25DE7A43000A1CBE /* Resources */,
			);
			buildRules = (
			);
			dependencies = (
			);
			name = SwiftUIHelloSwiftUI;
			productName = SwiftUIHelloSwiftUI;
			productReference = FA9E593025DE7A43000A1CBE /* SwiftUIHelloSwiftUI.app */;
			productType = "com.apple.product-type.application";
		};
/* End PBXNativeTarget section */

/* Begin PBXProject section */
		FA9E592825DE7A43000A1CBE /* Project object */ = {
			isa = PBXProject;
			attributes = {
				LastSwiftUpdateCheck = 1140;
				LastUpgradeCheck = 1140;
				ORGANIZATIONNAME = Pooya;
				TargetAttributes = {
					FA9E592F25DE7A43000A1CBE = {
						CreatedOnToolsVersion = 11.4;
					};
				};
			};
			buildConfigurationList = FA9E592B25DE7A43000A1CBE /* Build configuration list for PBXProject "SwiftUIHelloSwiftUI" */;
			compatibilityVersion = "Xcode 9.3";
			developmentRegion = en;
			hasScannedForEncodings = 0;
			knownRegions = (
				en,
				Base,
			);
			mainGroup = FA9E592725DE7A43000A1CBE;
			productRefGroup = FA9E593125DE7A43000A1CBE /* Products */;
			projectDirPath = "";
			projectRoot = "";
			targets = (
				FA9E592F25DE7A43000A1CBE /* SwiftUIHelloSwiftUI */,
			);
		};
/* End PBXProject section */

/* Begin PBXResourcesBuildPhase section */
		FA9E592E25DE7A43000A1CBE /* Resources */ = {
			isa = PBXResourcesBuildPhase;
			buildActionMask = 2147483647;
			files = (
				FA9E594025DE7A48000A1CBE /* LaunchScreen.storyboard in Resources */,
				FA9E593D25DE7A48000A1CBE /* Preview Assets.xcassets in Resources */,
				FA9E593A25DE7A48000A1CBE /* Assets.xcassets in Resources */,
			);
			runOnlyForDeploymentPostprocessing = 0;
		};
/* End PBXResourcesBuildPhase section */

/* Begin PBXSourcesBuildPhase section */
		FA9E592C25DE7A43000A1CBE /* Sources */ = {
			isa = PBXSourcesBuildPhase;
			buildActionMask = 2147483647;
			files = (
				FA9E593425DE7A43000A1CBE /* AppDelegate.swift in Sources */,
				FA9E593625DE7A43000A1CBE /* SceneDelegate.swift in Sources */,
				FA9E593825DE7A43000A1CBE /* ContentView.swift in Sources */,
			);
			runOnlyForDeploymentPostprocessing = 0;
		};
/* End PBXSourcesBuildPhase section */

/* Begin PBXVariantGroup section */
		FA9E593E25DE7A48000A1CBE /* LaunchScreen.storyboard */ = {
			isa = PBXVariantGroup;
			children = (
				FA9E593F25DE7A48000A1CBE /* Base */,
			);
			name = LaunchScreen.storyboard;
			sourceTree = "<group>";
		};
/* End PBXVariantGroup section */

/* Begin XCBuildConfiguration section */
		FA9E594225DE7A48000A1CBE /* Debug */ = {
			isa = XCBuildConfiguration;
			buildSettings = {
				ALWAYS_SEARCH_USER_PATHS = NO;
				CLANG_ANALYZER_NONNULL = YES;
				CLANG_ANALYZER_NUMBER_OBJECT_CONVERSION = YES_AGGRESSIVE;
				CLANG_CXX_LANGUAGE_STANDARD = "gnu++14";
				CLANG_CXX_LIBRARY = "libc++";
				CLANG_ENABLE_MODULES = YES;
				CLANG_ENABLE_OBJC_ARC = YES;
				CLANG_ENABLE_OBJC_WEAK = YES;
				CLANG_WARN_BLOCK_CAPTURE_AUTORELEASING = YES;
				CLANG_WARN_BOOL_CONVERSION = YES;
				CLANG_WARN_COMMA = YES;
				CLANG_WARN_CONSTANT_CONVERSION = YES;
				CLANG_WARN_DEPRECATED_OBJC_IMPLEMENTATIONS = YES;
				CLANG_WARN_DIRECT_OBJC_ISA_USAGE = YES_ERROR;
				CLANG_WARN_DOCUMENTATION_COMMENTS = YES;
				CLANG_WARN_EMPTY_BODY = YES;
				CLANG_WARN_ENUM_CONVERSION = YES;
				CLANG_WARN_INFINITE_RECURSION = YES;
				CLANG_WARN_INT_CONVERSION = YES;
				CLANG_WARN_NON_LITERAL_NULL_CONVERSION = YES;
				CLANG_WARN_OBJC_IMPLICIT_RETAIN_SELF = YES;
				CLANG_WARN_OBJC_LITERAL_CONVERSION = YES;
				CLANG_WARN_OBJC_ROOT_CLASS = YES_ERROR;
				CLANG_WARN_RANGE_LOOP_ANALYSIS = YES;
				CLANG_WARN_STRICT_PROTOTYPES = YES;
				CLANG_WARN_SUSPICIOUS_MOVE = YES;
				CLANG_WARN_UNGUARDED_AVAILABILITY = YES_AGGRESSIVE;
				CLANG_WARN_UNREACHABLE_CODE = YES;
				CLANG_WARN__DUPLICATE_METHOD_MATCH = YES;
				COPY_PHASE_STRIP = NO;
				DEBUG_INFORMATION_FORMAT = dwarf;
				ENABLE_STRICT_OBJC_MSGSEND = YES;
				ENABLE_TESTABILITY = YES;
				GCC_C_LANGUAGE_STANDARD = gnu11;
				GCC_DYNAMIC_NO_PIC = NO;
				GCC_NO_COMMON_BLOCKS = YES;
				GCC_OPTIMIZATION_LEVEL = 0;
				GCC_PREPROCESSOR_DEFINITIONS = (
					"DEBUG=1",
					"$(inherited)",
				);
				GCC_WARN_64_TO_32_BIT_CONVERSION = YES;
				GCC_WARN_ABOUT_RETURN_TYPE = YES_ERROR;
				GCC_WARN_UNDECLARED_SELECTOR = YES;
				GCC_WARN_UNINITIALIZED_AUTOS = YES_AGGRESSIVE;
				GCC_WARN_UNUSED_FUNCTION = YES;
				GCC_WARN_UNUSED_VARIABLE = YES;
				IPHONEOS_DEPLOYMENT_TARGET = 13.4;
				MTL_ENABLE_DEBUG_INFO = INCLUDE_SOURCE;
				MTL_FAST_MATH = YES;
				ONLY_ACTIVE_ARCH = YES;
				SDKROOT = iphoneos;
				SWIFT_ACTIVE_COMPILATION_CONDITIONS = DEBUG;
				SWIFT_OPTIMIZATION_LEVEL = "-Onone";
			};
			name = Debug;
		};
		FA9E594325DE7A48000A1CBE /* Release */ = {
			isa = XCBuildConfiguration;
			buildSettings = {
				ALWAYS_SEARCH_USER_PATHS = NO;
				CLANG_ANALYZER_NONNULL = YES;
				CLANG_ANALYZER_NUMBER_OBJECT_CONVERSION = YES_AGGRESSIVE;
				CLANG_CXX_LANGUAGE_STANDARD = "gnu++14";
				CLANG_CXX_LIBRARY = "libc++";
				CLANG_ENABLE_MODULES = YES;
				CLANG_ENABLE_OBJC_ARC = YES;
				CLANG_ENABLE_OBJC_WEAK = YES;
				CLANG_WARN_BLOCK_CAPTURE_AUTORELEASING = YES;
				CLANG_WARN_BOOL_CONVERSION = YES;
				CLANG_WARN_COMMA = YES;
				CLANG_WARN_CONSTANT_CONVERSION = YES;
				CLANG_WARN_DEPRECATED_OBJC_IMPLEMENTATIONS = YES;
				CLANG_WARN_DIRECT_OBJC_ISA_USAGE = YES_ERROR;
				CLANG_WARN_DOCUMENTATION_COMMENTS = YES;
				CLANG_WARN_EMPTY_BODY = YES;
				CLANG_WARN_ENUM_CONVERSION = YES;
				CLANG_WARN_INFINITE_RECURSION = YES;
				CLANG_WARN_INT_CONVERSION = YES;
				CLANG_WARN_NON_LITERAL_NULL_CONVERSION = YES;
				CLANG_WARN_OBJC_IMPLICIT_RETAIN_SELF = YES;
				CLANG_WARN_OBJC_LITERAL_CONVERSION = YES;
				CLANG_WARN_OBJC_ROOT_CLASS = YES_ERROR;
				CLANG_WARN_RANGE_LOOP_ANALYSIS = YES;
				CLANG_WARN_STRICT_PROTOTYPES = YES;
				CLANG_WARN_SUSPICIOUS_MOVE = YES;
				CLANG_WARN_UNGUARDED_AVAILABILITY = YES_AGGRESSIVE;
				CLANG_WARN_UNREACHABLE_CODE = YES;
				CLANG_WARN__DUPLICATE_METHOD_MATCH = YES;
				COPY_PHASE_STRIP = NO;
				DEBUG_INFORMATION_FORMAT = "dwarf-with-dsym";
				ENABLE_NS_ASSERTIONS = NO;
				ENABLE_STRICT_OBJC_MSGSEND = YES;
				GCC_C_LANGUAGE_STANDARD = gnu11;
				GCC_NO_COMMON_BLOCKS = YES;
				GCC_WARN_64_TO_32_BIT_CONVERSION = YES;
				GCC_WARN_ABOUT_RETURN_TYPE = YES_ERROR;
				GCC_WARN_UNDECLARED_SELECTOR = YES;
				GCC_WARN_UNINITIALIZED_AUTOS = YES_AGGRESSIVE;
				GCC_WARN_UNUSED_FUNCTION = YES;
				GCC_WARN_UNUSED_VARIABLE = YES;
				IPHONEOS_DEPLOYMENT_TARGET = 13.4;
				MTL_ENABLE_DEBUG_INFO = NO;
				MTL_FAST_MATH = YES;
				SDKROOT = iphoneos;
				SWIFT_COMPILATION_MODE = wholemodule;
				SWIFT_OPTIMIZATION_LEVEL = "-O";
				VALIDATE_PRODUCT = YES;
			};
			name = Release;
		};
		FA9E594525DE7A48000A1CBE /* Debug */ = {
			isa = XCBuildConfiguration;
			buildSettings = {
				ASSETCATALOG_COMPILER_APPICON_NAME = AppIcon;
				CODE_SIGN_STYLE = Automatic;
				DEVELOPMENT_ASSET_PATHS = "\"SwiftUIHelloSwiftUI/Preview Content\"";
				DEVELOPMENT_TEAM = WAHXQH4SC5;
				ENABLE_PREVIEWS = YES;
				INFOPLIST_FILE = SwiftUIHelloSwiftUI/Info.plist;
				LD_RUNPATH_SEARCH_PATHS = (
					"$(inherited)",
					"@executable_path/Frameworks",
				);
				PRODUCT_BUNDLE_IDENTIFIER = com.centurytrail.education.SwiftUIHelloSwiftUI;
				PRODUCT_NAME = "$(TARGET_NAME)";
				SWIFT_VERSION = 5.0;
				TARGETED_DEVICE_FAMILY = "1,2";
			};
			name = Debug;
		};
		FA9E594625DE7A48000A1CBE /* Release */ = {
			isa = XCBuildConfiguration;
			buildSettings = {
				ASSETCATALOG_COMPILER_APPICON_NAME = AppIcon;
				CODE_SIGN_STYLE = Automatic;
				DEVELOPMENT_ASSET_PATHS = "\"SwiftUIHelloSwiftUI/Preview Content\"";
				DEVELOPMENT_TEAM = WAHXQH4SC5;
				ENABLE_PREVIEWS = YES;
				INFOPLIST_FILE = SwiftUIHelloSwiftUI/Info.plist;
				LD_RUNPATH_SEARCH_PATHS = (
					"$(inherited)",
					"@executable_path/Frameworks",
				);
				PRODUCT_BUNDLE_IDENTIFIER = com.centurytrail.education.SwiftUIHelloSwiftUI;
				PRODUCT_NAME = "$(TARGET_NAME)";
				SWIFT_VERSION = 5.0;
				TARGETED_DEVICE_FAMILY = "1,2";
			};
			name = Release;
		};
/* End XCBuildConfiguration section */

/* Begin XCConfigurationList section */
		FA9E592B25DE7A43000A1CBE /* Build configuration list for PBXProject "SwiftUIHelloSwiftUI" */ = {
			isa = XCConfigurationList;
			buildConfigurations = (
				FA9E594225DE7A48000A1CBE /* Debug */,
				FA9E594325DE7A48000A1CBE /* Release */,
			);
			defaultConfigurationIsVisible = 0;
			defaultConfigurationName = Release;
		};
		FA9E594425DE7A48000A1CBE /* Build configuration list for PBXNativeTarget "SwiftUIHelloSwiftUI" */ = {
			isa = XCConfigurationList;
			buildConfigurations = (
				FA9E594525DE7A48000A1CBE /* Debug */,
				FA9E594625DE7A48000A1CBE /* Release */,
			);
			defaultConfigurationIsVisible = 0;
			defaultConfigurationName = Release;
		};
/* End XCConfigurationList section */
	};
	rootObject = FA9E592825DE7A43000A1CBE /* Project object */;
}
